# THIS IS AN AUTOGENERATED FILE. DO NOT EDIT THIS FILE DIRECTLY.
# yarn lockfile v1


browserslist@^4.16.4:
  version "4.16.8"
  resolved "https://registry.yarnpkg.com/browserslist/-/browserslist-4.16.8.tgz#cb868b0b554f137ba6e33de0ecff2eda403c4fb0"
  integrity sha512-sc2m9ohR/49sWEbPj14ZSSZqp+kbi16aLao42Hmn3Z8FpjuMaq2xCA2l4zl9ITfyzvnvyE0hcg62YkIGKxgaNQ==
  dependencies:
    caniuse-lite "^1.0.30001251"
    colorette "^1.3.0"
    electron-to-chromium "^1.3.811"
    escalade "^3.1.1"
    node-releases "^1.1.75"

caniuse-lite@^1.0.30001251:
  version "1.0.30001251"
  resolved "https://registry.yarnpkg.com/caniuse-lite/-/caniuse-lite-1.0.30001251.tgz#6853a606ec50893115db660f82c094d18f096d85"
  integrity sha512-HOe1r+9VkU4TFmnU70z+r7OLmtR+/chB1rdcJUeQlAinjEeb0cKL20tlAtOagNZhbrtLnCvV19B4FmF1rgzl6A==

colorette@^1.3.0:
  version "1.3.0"
  resolved "https://registry.yarnpkg.com/colorette/-/colorette-1.3.0.tgz#ff45d2f0edb244069d3b772adeb04fed38d0a0af"
  integrity sha512-ecORCqbSFP7Wm8Y6lyqMJjexBQqXSF7SSeaTyGGphogUjBlFP9m9o08wy86HL2uB7fMTxtOUzLMk7ogKcxMg1w==

electron-to-chromium@^1.3.811:
  version "1.3.812"
  resolved "https://registry.yarnpkg.com/electron-to-chromium/-/electron-to-chromium-1.3.812.tgz#4c4fb407e0e1335056097f172e9f2c0a09efe77d"
  integrity sha512-7KiUHsKAWtSrjVoTSzxQ0nPLr/a+qoxNZwkwd9LkylTOgOXSVXkQbpIVT0WAUQcI5gXq3SwOTCrK+WfINHOXQg==

escalade@^3.1.1:
  version "3.1.1"
  resolved "https://registry.yarnpkg.com/escalade/-/escalade-3.1.1.tgz#d8cfdc7000965c5a0174b4a82eaa5c0552742e40"
  integrity sha512-k0er2gUkLf8O0zKJiAhmkTnJlTvINGv7ygDNPbeIsX/TJjGJZHuh9B2UxbsaEkmlEo9MfhrSzmhIlhRlI2GXnw==

node-releases@^1.1.75:
  version "1.1.75"
  resolved "https://registry.yarnpkg.com/node-releases/-/node-releases-1.1.75.tgz#6dd8c876b9897a1b8e5a02de26afa79bb54ebbfe"
  integrity sha512-Qe5OUajvqrqDSy6wrWFmMwfJ0jVgwiw4T3KqmbTcZ62qW0gQkheXYhcFM1+lOVcGUoRxcEcfyvFMAnDgaF1VWw==
