# THIS IS AN AUTOGENERATED FILE. DO NOT EDIT THIS FILE DIRECTLY.
# yarn lockfile v1


browserslist@^4.16.3:
  version "4.16.3"
  resolved "https://registry.yarnpkg.com/browserslist/-/browserslist-4.16.3.tgz#340aa46940d7db878748567c5dea24a48ddf3717"
  integrity sha512-vIyhWmIkULaq04Gt93txdh+j02yX/JzlyhLYbV3YQCn/zvES3JnY7TifHHvvr1w5hTDluNKMkV05cs4vy8Q7sw==
  dependencies:
    caniuse-lite "^1.0.30001181"
    colorette "^1.2.1"
    electron-to-chromium "^1.3.649"
    escalade "^3.1.1"
    node-releases "^1.1.70"

caniuse-lite@^1.0.30001181:
  version "1.0.30001204"
  resolved "https://registry.yarnpkg.com/caniuse-lite/-/caniuse-lite-1.0.30001204.tgz#256c85709a348ec4d175e847a3b515c66e79f2aa"
  integrity sha512-JUdjWpcxfJ9IPamy2f5JaRDCaqJOxDzOSKtbdx4rH9VivMd1vIzoPumsJa9LoMIi4Fx2BV2KZOxWhNkBjaYivQ==

colorette@^1.2.1:
  version "1.2.2"
  resolved "https://registry.yarnpkg.com/colorette/-/colorette-1.2.2.tgz#cbcc79d5e99caea2dbf10eb3a26fd8b3e6acfa94"
  integrity sha512-MKGMzyfeuutC/ZJ1cba9NqcNpfeqMUcYmyF1ZFY6/Cn7CNSAKx6a+s48sqLqyAiZuaP2TcqMhoo+dlwFnVxT9w==

electron-to-chromium@^1.3.649:
  version "1.3.701"
  resolved "https://registry.yarnpkg.com/electron-to-chromium/-/electron-to-chromium-1.3.701.tgz#5e796ed7ce88cd77bc7bf831cf311ef6b067c389"
  integrity sha512-Zd9ofdIMYHYhG1gvnejQDvC/kqSeXQvtXF0yRURGxgwGqDZm9F9Fm3dYFnm5gyuA7xpXfBlzVLN1sz0FjxpKfw==

escalade@^3.1.1:
  version "3.1.1"
  resolved "https://registry.yarnpkg.com/escalade/-/escalade-3.1.1.tgz#d8cfdc7000965c5a0174b4a82eaa5c0552742e40"
  integrity sha512-k0er2gUkLf8O0zKJiAhmkTnJlTvINGv7ygDNPbeIsX/TJjGJZHuh9B2UxbsaEkmlEo9MfhrSzmhIlhRlI2GXnw==

node-releases@^1.1.70:
  version "1.1.71"
  resolved "https://registry.yarnpkg.com/node-releases/-/node-releases-1.1.71.tgz#cb1334b179896b1c89ecfdd4b725fb7bbdfc7dbb"
  integrity sha512-zR6HoT6LrLCRBwukmrVbHv0EpEQjksO6GmFcZQQuCAy139BEsoVKPYnf3jongYW83fAa1torLGYwxxky/p28sg==
